{
  "name": "weatherapp",
  "version": "1.0.0",
  "lockfileVersion": 2,
  "requires": true,
  "packages": {
    "": {
      "name": "weatherapp",
      "version": "1.0.0",
      "license": "ISC",
      "dependencies": {
        "angular-signalr-hub": "^1.6.3"
      }
    },
    "node_modules/angular-signalr-hub": {
      "version": "1.6.3",
      "resolved": "https://registry.npmjs.org/angular-signalr-hub/-/angular-signalr-hub-1.6.3.tgz",
      "integrity": "sha512-Vr0pZ5GyG/YMtLkbzupdmzV2Aazom1NbDWd4emwSf4LSDLvlDTywjuCjvGlRHSBScYT+8JL6nSQk/KKuUtGNgQ=="
    }
  },
  "dependencies": {
    "angular-signalr-hub": {
      "version": "1.6.3",
      "resolved": "https://registry.npmjs.org/angular-signalr-hub/-/angular-signalr-hub-1.6.3.tgz",
      "integrity": "sha512-Vr0pZ5GyG/YMtLkbzupdmzV2Aazom1NbDWd4emwSf4LSDLvlDTywjuCjvGlRHSBScYT+8JL6nSQk/KKuUtGNgQ=="
    }
  }
}
